
Microsoft Visual Studio Solution File, Format Version 12.00
# Visual Studio 14
VisualStudioVersion = 14.0.25420.1
MinimumVisualStudioVersion = 10.0.40219.1
Project("{FAE04EC0-301F-11D3-BF4B-00C04F79EFBC}") = "GitSandboxProject", "GitSandboxProject\GitSandboxProject.csproj", "{6A4F5D24-86FE-4A5D-9F50-31F26F6BA613}"
EndProject
Project("{FAE04EC0-301F-11D3-BF4B-00C04F79EFBC}") = "GitSandboxUI", "GitSandboxUI\GitSandboxUI.csproj", "{3F172B87-B36F-4F88-9D95-A49D5DAFAFD0}"
EndProject
Project("{FAE04EC0-301F-11D3-BF4B-00C04F79EFBC}") = "SandboxShared", "SandboxShared\SandboxShared.csproj", "{63A3A9BB-4D04-471D-9A32-49ABEB1F7180}"
EndProject
Project("{00D1A9C2-B5F0-4AF3-8072-F6C62B433612}") = "SandboxDatabase", "SandboxDatabase\SandboxDatabase.sqlproj", "{339058BB-9674-4118-9032-992BF5E4DE47}"
EndProject
Global
	GlobalSection(SolutionConfigurationPlatforms) = preSolution
		Debug|Any CPU = Debug|Any CPU
		Release|Any CPU = Release|Any CPU
	EndGlobalSection
	GlobalSection(ProjectConfigurationPlatforms) = postSolution
		{6A4F5D24-86FE-4A5D-9F50-31F26F6BA613}.Debug|Any CPU.ActiveCfg = Debug|Any CPU
		{6A4F5D24-86FE-4A5D-9F50-31F26F6BA613}.Debug|Any CPU.Build.0 = Debug|Any CPU
		{6A4F5D24-86FE-4A5D-9F50-31F26F6BA613}.Release|Any CPU.ActiveCfg = Release|Any CPU
		{6A4F5D24-86FE-4A5D-9F50-31F26F6BA613}.Release|Any CPU.Build.0 = Release|Any CPU
		{3F172B87-B36F-4F88-9D95-A49D5DAFAFD0}.Debug|Any CPU.ActiveCfg = Debug|Any CPU
		{3F172B87-B36F-4F88-9D95-A49D5DAFAFD0}.Debug|Any CPU.Build.0 = Debug|Any CPU
		{3F172B87-B36F-4F88-9D95-A49D5DAFAFD0}.Release|Any CPU.ActiveCfg = Release|Any CPU
		{3F172B87-B36F-4F88-9D95-A49D5DAFAFD0}.Release|Any CPU.Build.0 = Release|Any CPU
		{63A3A9BB-4D04-471D-9A32-49ABEB1F7180}.Debug|Any CPU.ActiveCfg = Debug|Any CPU
		{63A3A9BB-4D04-471D-9A32-49ABEB1F7180}.Debug|Any CPU.Build.0 = Debug|Any CPU
		{63A3A9BB-4D04-471D-9A32-49ABEB1F7180}.Release|Any CPU.ActiveCfg = Release|Any CPU
		{63A3A9BB-4D04-471D-9A32-49ABEB1F7180}.Release|Any CPU.Build.0 = Release|Any CPU
		{339058BB-9674-4118-9032-992BF5E4DE47}.Debug|Any CPU.ActiveCfg = Debug|Any CPU
		{339058BB-9674-4118-9032-992BF5E4DE47}.Debug|Any CPU.Build.0 = Debug|Any CPU
		{339058BB-9674-4118-9032-992BF5E4DE47}.Debug|Any CPU.Deploy.0 = Debug|Any CPU
		{339058BB-9674-4118-9032-992BF5E4DE47}.Release|Any CPU.ActiveCfg = Release|Any CPU
		{339058BB-9674-4118-9032-992BF5E4DE47}.Release|Any CPU.Build.0 = Release|Any CPU
		{339058BB-9674-4118-9032-992BF5E4DE47}.Release|Any CPU.Deploy.0 = Release|Any CPU
	EndGlobalSection
	GlobalSection(SolutionProperties) = preSolution
		HideSolutionNode = FALSE
	EndGlobalSection
EndGlobal
